# THIS IS AN AUTOGENERATED FILE. DO NOT EDIT THIS FILE DIRECTLY.
# yarn lockfile v1


attempt-x@^2.1.2:
  version "2.1.2"
  resolved "https://registry.npm.taobao.org/attempt-x/download/attempt-x-2.1.2.tgz#75c9c801158b46da7411c6a6e1b85aba56cea13d"
  integrity sha1-dcnIARWLRtp0Ecam4bhaulbOoT0=
  dependencies:
    simple-call-x "^1.0.3"
    util-pusher-x "^1.0.3"

cached-constructors-x@^2.2.1:
  version "2.2.1"
  resolved "https://registry.npm.taobao.org/cached-constructors-x/download/cached-constructors-x-2.2.1.tgz#868ca94ef202ec3ffa2fd375d4fa4ea0cce269d7"
  integrity sha1-hoypTvIC7D/6L9N11PpOoMziadc=
  dependencies:
    noop-x "^1.2.1"

core-util-is@~1.0.0:
  version "1.0.2"
  resolved "https://registry.npm.taobao.org/core-util-is/download/core-util-is-1.0.2.tgz#b5fd54220aa2bc5ab57aab7140c940754503c1a7"
  integrity sha1-tf1UIgqivFq1eqtxQMlAdUUDwac=

get-prototype-of-x@^2.1.2:
  version "2.1.2"
  resolved "https://registry.npm.taobao.org/get-prototype-of-x/download/get-prototype-of-x-2.1.2.tgz#f6cac719c2bcfbac352fd9216817161ceebea091"
  integrity sha1-9srHGcK8+6w1L9khaBcWHO6+oJE=
  dependencies:
    is-function-x "^4.1.2"
    to-boolean-x "^2.1.1"
    to-object-x "^2.2.1"

has-boxed-string-x@^2.1.1:
  version "2.1.1"
  resolved "https://registry.npm.taobao.org/has-boxed-string-x/download/has-boxed-string-x-2.1.1.tgz#8356e83786969ab9764009bc435c6ac3f4d86b87"
  integrity sha1-g1boN4aWmrl2QAm8Q1xqw/TYa4c=

has-symbol-support-x@^2.1.2:
  version "2.1.2"
  resolved "https://registry.npm.taobao.org/has-symbol-support-x/download/has-symbol-support-x-2.1.2.tgz#1e9b8088cb800d41f3855969c34eba09ccaadfdb"
  integrity sha1-HpuAiMuADUHzhVlpw066Ccyq39s=
  dependencies:
    attempt-x "^2.1.2"
    is-symbol "^1.0.2"

has-symbols@^1.0.1:
  version "1.0.1"
  resolved "https://registry.npm.taobao.org/has-symbols/download/has-symbols-1.0.1.tgz#9f5214758a44196c406d9bd76cebf81ec2dd31e8"
  integrity sha1-n1IUdYpEGWxAbZvXbOv4HsLdMeg=

has-to-string-tag-x@^2.1.2:
  version "2.1.2"
  resolved "https://registry.npm.taobao.org/has-to-string-tag-x/download/has-to-string-tag-x-2.1.2.tgz#23d8074d174149f06352f5a34b619fde286c252f"
  integrity sha1-I9gHTRdBSfBjUvWjS2Gf3ihsJS8=
  dependencies:
    has-symbol-support-x "^2.1.2"
    is-symbol "^1.0.2"

has-working-bind-x@^1.0.1:
  version "1.0.1"
  resolved "https://registry.npm.taobao.org/has-working-bind-x/download/has-working-bind-x-1.0.1.tgz#ab8294e347d2b0eb9db22365a1cdd5d3bd0d958f"
  integrity sha1-q4KU40fSsOudsiNloc3V070NlY8=
  dependencies:
    noop-x "^1.2.1"

inherits@~2.0.1:
  version "2.0.4"
  resolved "https://registry.npm.taobao.org/inherits/download/inherits-2.0.4.tgz#0fa2c64f932917c3433a0ded55363aae37416b7c"
  integrity sha1-D6LGT5MpF8NDOg3tVTY6rjdBa3w=

is-async-function-x@^2.1.2:
  version "2.1.2"
  resolved "https://registry.npm.taobao.org/is-async-function-x/download/is-async-function-x-2.1.2.tgz#ec40b3249d324376474b5cd67bead364c4b95291"
  integrity sha1-7ECzJJ0yQ3ZHS1zWe+rTZMS5UpE=
  dependencies:
    attempt-x "^2.1.2"
    get-prototype-of-x "^2.1.2"
    has-to-string-tag-x "^2.1.2"
    normalize-space-x "^4.1.2"
    replace-comments-x "^3.1.2"
    simple-methodize-x "^1.0.4"
    to-string-tag-x "^2.1.2"

is-function-x@^4.1.2:
  version "4.1.2"
  resolved "https://registry.npm.taobao.org/is-function-x/download/is-function-x-4.1.2.tgz#0a3879de32d9c1ba58e5df0b7f8a3921786cff6f"
  integrity sha1-Cjh53jLZwbpY5d8Lf4o5IXhs/28=
  dependencies:
    attempt-x "^2.1.2"
    has-to-string-tag-x "^2.1.2"
    is-primitive-x "^1.0.1"
    normalize-space-x "^4.1.2"
    replace-comments-x "^3.1.2"
    simple-methodize-x "^1.0.4"
    to-boolean-x "^2.1.1"
    to-string-tag-x "^2.1.2"

is-nil-x@^2.1.1:
  version "2.1.1"
  resolved "https://registry.npm.taobao.org/is-nil-x/download/is-nil-x-2.1.1.tgz#534beb0337a60603e88f0f02ffdbf2d11a32b491"
  integrity sha1-U0vrAzemBgPojw8C/9vy0RoytJE=

is-primitive-x@^1.0.1:
  version "1.0.1"
  resolved "https://registry.npm.taobao.org/is-primitive-x/download/is-primitive-x-1.0.1.tgz#0e9b8e4f1bd1ef39d8ad2cc78dbab291b4e7380a"
  integrity sha1-DpuOTxvR7znYrSzHjbqykbTnOAo=

is-promise@^4.0.0:
  version "4.0.0"
  resolved "https://registry.npm.taobao.org/is-promise/download/is-promise-4.0.0.tgz#42ff9f84206c1991d26debf520dd5c01042dd2f3"
  integrity sha1-Qv+fhCBsGZHSbev1IN1cAQQt0vM=

is-string@^1.0.4:
  version "1.0.5"
  resolved "https://registry.npm.taobao.org/is-string/download/is-string-1.0.5.tgz#40493ed198ef3ff477b8c7f92f644ec82a5cd3a6"
  integrity sha1-QEk+0ZjvP/R3uMf5L2ROyCpc06Y=

is-symbol@^1.0.2:
  version "1.0.3"
  resolved "https://registry.npm.taobao.org/is-symbol/download/is-symbol-1.0.3.tgz#38e1014b9e6329be0de9d24a414fd7441ec61937"
  integrity sha1-OOEBS55jKb4N6dJKQU/XRB7GGTc=
  dependencies:
    has-symbols "^1.0.1"

isarray@0.0.1:
  version "0.0.1"
  resolved "https://registry.npm.taobao.org/isarray/download/isarray-0.0.1.tgz#8a18acfca9a8f4177e09abfc6038939b05d1eedf"
  integrity sha1-ihis/Kmo9Bd+Cav8YDiTmwXR7t8=

noop-x@^1.2.1:
  version "1.2.1"
  resolved "https://registry.npm.taobao.org/noop-x/download/noop-x-1.2.1.tgz#bcaba2321798f41839614674b3acf7c809536f50"
  integrity sha1-vKuiMheY9Bg5YUZ0s6z3yAlTb1A=

normalize-space-x@^4.1.2:
  version "4.1.2"
  resolved "https://registry.npm.taobao.org/normalize-space-x/download/normalize-space-x-4.1.2.tgz#cfb3b6548552ca7e62aa7f04f46f40edf16b6437"
  integrity sha1-z7O2VIVSyn5iqn8E9G9A7fFrZDc=
  dependencies:
    simple-methodize-x "^1.0.4"
    trim-x "^4.1.2"
    white-space-x "^4.1.1"

readable-stream@~1.0.27-1:
  version "1.0.34"
  resolved "https://registry.npm.taobao.org/readable-stream/download/readable-stream-1.0.34.tgz?cache=0&sync_timestamp=1589682741447&other_urls=https%3A%2F%2Fregistry.npm.taobao.org%2Freadable-stream%2Fdownload%2Freadable-stream-1.0.34.tgz#125820e34bc842d2f2aaafafe4c2916ee32c157c"
  integrity sha1-Elgg40vIQtLyqq+v5MKRbuMsFXw=
  dependencies:
    core-util-is "~1.0.0"
    inherits "~2.0.1"
    isarray "0.0.1"
    string_decoder "~0.10.x"

replace-comments-x@^3.1.2:
  version "3.1.2"
  resolved "https://registry.npm.taobao.org/replace-comments-x/download/replace-comments-x-3.1.2.tgz#5eddb1cf0a9a1bc804115f261c7bb8f89cb136b9"
  integrity sha1-Xt2xzwqaG8gEEV8mHHu4+JyxNrk=
  dependencies:
    require-coercible-to-string-x "^2.1.1"
    simple-methodize-x "^1.0.4"
    to-string-x "^2.1.1"

require-coercible-to-string-x@^2.1.1:
  version "2.1.1"
  resolved "https://registry.npm.taobao.org/require-coercible-to-string-x/download/require-coercible-to-string-x-2.1.1.tgz#aec54b7904f9683e499fc39c6fff0a13ac0a9d03"
  integrity sha1-rsVLeQT5aD5Jn8Ocb/8KE6wKnQM=
  dependencies:
    require-object-coercible-x "^2.1.1"
    to-string-x "^2.1.1"

require-object-coercible-x@^2.1.1:
  version "2.1.1"
  resolved "https://registry.npm.taobao.org/require-object-coercible-x/download/require-object-coercible-x-2.1.1.tgz#81bc3179571a7c392f9df7afb85568eef281fa17"
  integrity sha1-gbwxeVcafDkvnfevuFVo7vKB+hc=
  dependencies:
    is-nil-x "^2.1.1"

simple-bind-x@^1.0.3:
  version "1.0.3"
  resolved "https://registry.npm.taobao.org/simple-bind-x/download/simple-bind-x-1.0.3.tgz#05fcab023a5d46213e8358a2ac49cc566ec94495"
  integrity sha1-BfyrAjpdRiE+g1iirEnMVm7JRJU=
  dependencies:
    has-working-bind-x "^1.0.1"
    util-pusher-x "^1.0.3"

simple-call-x@^1.0.3:
  version "1.0.3"
  resolved "https://registry.npm.taobao.org/simple-call-x/download/simple-call-x-1.0.3.tgz#01193b0476993f9ed2eaaff522f70d943399ebb5"
  integrity sha1-ARk7BHaZP57S6q/1IvcNlDOZ67U=
  dependencies:
    simple-bind-x "^1.0.3"
    util-pusher-x "^1.0.3"

simple-methodize-x@^1.0.4:
  version "1.0.4"
  resolved "https://registry.npm.taobao.org/simple-methodize-x/download/simple-methodize-x-1.0.4.tgz#b5dce5a4426503f13103c2c75f8737dbbd2864eb"
  integrity sha1-tdzlpEJlA/ExA8LHX4c3270oZOs=
  dependencies:
    simple-call-x "^1.0.3"
    util-pusher-x "^1.0.3"

string_decoder@~0.10.x:
  version "0.10.31"
  resolved "https://registry.npm.taobao.org/string_decoder/download/string_decoder-0.10.31.tgz#62e203bc41766c6c28c9fc84301dab1c5310fa94"
  integrity sha1-YuIDvEF2bGwoyfyEMB2rHFMQ+pQ=

through2-parallel@^0.1.3:
  version "0.1.3"
  resolved "https://registry.npm.taobao.org/through2-parallel/download/through2-parallel-0.1.3.tgz#fbaa8e9e2ec2c4e7b22ba1d6cf1232a0ef556ea0"
  integrity sha1-+6qOni7CxOeyK6HWzxIyoO9VbqA=
  dependencies:
    readable-stream "~1.0.27-1"

to-boolean-x@^2.1.1:
  version "2.1.1"
  resolved "https://registry.npm.taobao.org/to-boolean-x/download/to-boolean-x-2.1.1.tgz#1aa3fe266ac00dd853305279100d2ae8b6e848c5"
  integrity sha1-GqP+JmrADdhTMFJ5EA0q6LboSMU=

to-object-x@^2.2.1:
  version "2.2.1"
  resolved "https://registry.npm.taobao.org/to-object-x/download/to-object-x-2.2.1.tgz#ab4498f717c5ecb3083a1d44f5c7c03f27402854"
  integrity sha1-q0SY9xfF7LMIOh1E9cfAPydAKFQ=
  dependencies:
    cached-constructors-x "^2.2.1"
    require-object-coercible-x "^2.1.1"

to-string-tag-x@^2.1.2:
  version "2.1.2"
  resolved "https://registry.npm.taobao.org/to-string-tag-x/download/to-string-tag-x-2.1.2.tgz#38cdc86336575f263977380daf2c425f090dd4f7"
  integrity sha1-OM3IYzZXXyY5dzgNryxCXwkN1Pc=
  dependencies:
    simple-methodize-x "^1.0.4"

to-string-x@^2.1.1:
  version "2.1.1"
  resolved "https://registry.npm.taobao.org/to-string-x/download/to-string-x-2.1.1.tgz#b0327c0217cc920b204f027863868b1749a9f814"
  integrity sha1-sDJ8AhfMkgsgTwJ4Y4aLF0mp+BQ=
  dependencies:
    is-symbol "^1.0.2"

trim-left-x@^4.1.2:
  version "4.1.2"
  resolved "https://registry.npm.taobao.org/trim-left-x/download/trim-left-x-4.1.2.tgz#123a2bbbe07d91795c8b3e128c637f16fb386446"
  integrity sha1-Ejoru+B9kXlciz4SjGN/Fvs4ZEY=
  dependencies:
    require-coercible-to-string-x "^2.1.1"
    simple-methodize-x "^1.0.4"
    white-space-x "^4.1.1"

trim-right-x@^4.1.2:
  version "4.1.2"
  resolved "https://registry.npm.taobao.org/trim-right-x/download/trim-right-x-4.1.2.tgz#8041b6b22d9b245e617756631c52a7735332678d"
  integrity sha1-gEG2si2bJF5hd1ZjHFKnc1MyZ40=
  dependencies:
    require-coercible-to-string-x "^2.1.1"
    simple-methodize-x "^1.0.4"
    white-space-x "^4.1.1"

trim-x@^4.1.2:
  version "4.1.2"
  resolved "https://registry.npm.taobao.org/trim-x/download/trim-x-4.1.2.tgz#5316579242bff27476f8bf55a50aeae16dd108d1"
  integrity sha1-UxZXkkK/8nR2+L9VpQrq4W3RCNE=
  dependencies:
    trim-left-x "^4.1.2"
    trim-right-x "^4.1.2"

util-pusher-x@^1.0.3:
  version "1.0.3"
  resolved "https://registry.npm.taobao.org/util-pusher-x/download/util-pusher-x-1.0.3.tgz#c5b27cb4fe35002ecc96c203bff6dbc01a645285"
  integrity sha1-xbJ8tP41AC7MlsIDv/bbwBpkUoU=
  dependencies:
    has-boxed-string-x "^2.1.1"
    has-working-bind-x "^1.0.1"
    is-primitive-x "^1.0.1"
    is-string "^1.0.4"

white-space-x@^4.1.1:
  version "4.1.1"
  resolved "https://registry.npm.taobao.org/white-space-x/download/white-space-x-4.1.1.tgz#f76a039b7921fc2d521ddba2ac71bc5e6d4b69b7"
  integrity sha1-92oDm3kh/C1SHduirHG8Xm1Labc=
